
Microsoft Visual Studio Solution File, Format Version 12.00
Project("{FAE04EC0-301F-11D3-BF4B-00C04F79EFBC}") = "CyclingStats.Logic", "CyclingStats.Logic\CyclingStats.Logic.csproj", "{83A7FDA3-7953-4B03-BC0A-00CB7F9227E1}"
EndProject
Project("{FAE04EC0-301F-11D3-BF4B-00C04F79EFBC}") = "CyclingStats.DataAccess", "CyclingStats.DataAccess\CyclingStats.DataAccess.csproj", "{C1332B88-AF71-43BD-865A-9E04AD692E12}"
EndProject
Project("{FAE04EC0-301F-11D3-BF4B-00C04F79EFBC}") = "CyclingStats.Models", "CyclingStats.Models\CyclingStats.Models.csproj", "{919E3970-8980-4BBB-9528-82D7CE9476BC}"
EndProject
Project("{FAE04EC0-301F-11D3-BF4B-00C04F79EFBC}") = "CyclingStats.Workers", "CyclingStats.Workers\CyclingStats.Workers.csproj", "{0661359D-5481-4E63-9714-7666EF1F4817}"
EndProject
Project("{FAE04EC0-301F-11D3-BF4B-00C04F79EFBC}") = "ProcyclingStats", "ProcyclingStats\ProcyclingStats.csproj", "{C62C2B0E-83E7-4E9E-8258-348B373018DB}"
EndProject
Project("{FAE04EC0-301F-11D3-BF4B-00C04F79EFBC}") = "WorldcyclingStats", "WorldcyclingStats\WorldcyclingStats.csproj", "{60AD9C97-5A1A-4FB2-8E4C-855F7E5E650D}"
EndProject
Project("{FAE04EC0-301F-11D3-BF4B-00C04F79EFBC}") = "CyclingStats.DataCollectionTests", "CyclingStats.DataCollectionTests\CyclingStats.DataCollectionTests.csproj", "{03E7A0B2-946F-4796-85FE-E3F31F7EB51F}"
EndProject
Project("{FAE04EC0-301F-11D3-BF4B-00C04F79EFBC}") = "CyclingStats.WebAPI", "CyclingStats.WebAPI\CyclingStats.WebAPI.csproj", "{A7D74125-0914-458F-8673-9BB166B8106F}"
EndProject
Project("{FAE04EC0-301F-11D3-BF4B-00C04F79EFBC}") = "CyclingStats.WebApi.Client", "CyclingStats.WebApi.Client\CyclingStats.WebApi.Client.csproj", "{EDB2BCA3-F2FA-4A5C-8341-6FBDA6D8AAA6}"
EndProject
Project("{FAE04EC0-301F-11D3-BF4B-00C04F79EFBC}") = "Aerozure", "..\aerozure\src\Aerozure\Aerozure.csproj", "{E367B1E2-D977-4500-965C-3E02726E3D9E}"
EndProject
Project("{FAE04EC0-301F-11D3-BF4B-00C04F79EFBC}") = "Aerobets.WebAPI", "Aerobets.WebAPI\Aerobets.WebAPI.csproj", "{8767EDB5-DB8F-47B2-8D8B-242FEC79E389}"
EndProject
Global
	GlobalSection(SolutionConfigurationPlatforms) = preSolution
		Debug|Any CPU = Debug|Any CPU
		Release|Any CPU = Release|Any CPU
	EndGlobalSection
	GlobalSection(ProjectConfigurationPlatforms) = postSolution
		{83A7FDA3-7953-4B03-BC0A-00CB7F9227E1}.Debug|Any CPU.ActiveCfg = Debug|Any CPU
		{83A7FDA3-7953-4B03-BC0A-00CB7F9227E1}.Debug|Any CPU.Build.0 = Debug|Any CPU
		{83A7FDA3-7953-4B03-BC0A-00CB7F9227E1}.Release|Any CPU.ActiveCfg = Release|Any CPU
		{83A7FDA3-7953-4B03-BC0A-00CB7F9227E1}.Release|Any CPU.Build.0 = Release|Any CPU
		{C1332B88-AF71-43BD-865A-9E04AD692E12}.Debug|Any CPU.ActiveCfg = Debug|Any CPU
		{C1332B88-AF71-43BD-865A-9E04AD692E12}.Debug|Any CPU.Build.0 = Debug|Any CPU
		{C1332B88-AF71-43BD-865A-9E04AD692E12}.Release|Any CPU.ActiveCfg = Release|Any CPU
		{C1332B88-AF71-43BD-865A-9E04AD692E12}.Release|Any CPU.Build.0 = Release|Any CPU
		{919E3970-8980-4BBB-9528-82D7CE9476BC}.Debug|Any CPU.ActiveCfg = Debug|Any CPU
		{919E3970-8980-4BBB-9528-82D7CE9476BC}.Debug|Any CPU.Build.0 = Debug|Any CPU
		{919E3970-8980-4BBB-9528-82D7CE9476BC}.Release|Any CPU.ActiveCfg = Release|Any CPU
		{919E3970-8980-4BBB-9528-82D7CE9476BC}.Release|Any CPU.Build.0 = Release|Any CPU
		{0661359D-5481-4E63-9714-7666EF1F4817}.Debug|Any CPU.ActiveCfg = Debug|Any CPU
		{0661359D-5481-4E63-9714-7666EF1F4817}.Debug|Any CPU.Build.0 = Debug|Any CPU
		{0661359D-5481-4E63-9714-7666EF1F4817}.Release|Any CPU.ActiveCfg = Release|Any CPU
		{0661359D-5481-4E63-9714-7666EF1F4817}.Release|Any CPU.Build.0 = Release|Any CPU
		{C62C2B0E-83E7-4E9E-8258-348B373018DB}.Debug|Any CPU.ActiveCfg = Debug|Any CPU
		{C62C2B0E-83E7-4E9E-8258-348B373018DB}.Debug|Any CPU.Build.0 = Debug|Any CPU
		{C62C2B0E-83E7-4E9E-8258-348B373018DB}.Release|Any CPU.ActiveCfg = Release|Any CPU
		{C62C2B0E-83E7-4E9E-8258-348B373018DB}.Release|Any CPU.Build.0 = Release|Any CPU
		{60AD9C97-5A1A-4FB2-8E4C-855F7E5E650D}.Debug|Any CPU.ActiveCfg = Debug|Any CPU
		{60AD9C97-5A1A-4FB2-8E4C-855F7E5E650D}.Debug|Any CPU.Build.0 = Debug|Any CPU
		{60AD9C97-5A1A-4FB2-8E4C-855F7E5E650D}.Release|Any CPU.ActiveCfg = Release|Any CPU
		{60AD9C97-5A1A-4FB2-8E4C-855F7E5E650D}.Release|Any CPU.Build.0 = Release|Any CPU
		{03E7A0B2-946F-4796-85FE-E3F31F7EB51F}.Debug|Any CPU.ActiveCfg = Debug|Any CPU
		{03E7A0B2-946F-4796-85FE-E3F31F7EB51F}.Debug|Any CPU.Build.0 = Debug|Any CPU
		{03E7A0B2-946F-4796-85FE-E3F31F7EB51F}.Release|Any CPU.ActiveCfg = Release|Any CPU
		{03E7A0B2-946F-4796-85FE-E3F31F7EB51F}.Release|Any CPU.Build.0 = Release|Any CPU
		{A7D74125-0914-458F-8673-9BB166B8106F}.Debug|Any CPU.ActiveCfg = Debug|Any CPU
		{A7D74125-0914-458F-8673-9BB166B8106F}.Debug|Any CPU.Build.0 = Debug|Any CPU
		{A7D74125-0914-458F-8673-9BB166B8106F}.Release|Any CPU.ActiveCfg = Release|Any CPU
		{A7D74125-0914-458F-8673-9BB166B8106F}.Release|Any CPU.Build.0 = Release|Any CPU
		{EDB2BCA3-F2FA-4A5C-8341-6FBDA6D8AAA6}.Debug|Any CPU.ActiveCfg = Debug|Any CPU
		{EDB2BCA3-F2FA-4A5C-8341-6FBDA6D8AAA6}.Debug|Any CPU.Build.0 = Debug|Any CPU
		{EDB2BCA3-F2FA-4A5C-8341-6FBDA6D8AAA6}.Release|Any CPU.ActiveCfg = Release|Any CPU
		{EDB2BCA3-F2FA-4A5C-8341-6FBDA6D8AAA6}.Release|Any CPU.Build.0 = Release|Any CPU
		{E367B1E2-D977-4500-965C-3E02726E3D9E}.Debug|Any CPU.ActiveCfg = Debug|Any CPU
		{E367B1E2-D977-4500-965C-3E02726E3D9E}.Debug|Any CPU.Build.0 = Debug|Any CPU
		{E367B1E2-D977-4500-965C-3E02726E3D9E}.Release|Any CPU.ActiveCfg = Release|Any CPU
		{E367B1E2-D977-4500-965C-3E02726E3D9E}.Release|Any CPU.Build.0 = Release|Any CPU
		{8767EDB5-DB8F-47B2-8D8B-242FEC79E389}.Debug|Any CPU.ActiveCfg = Debug|Any CPU
		{8767EDB5-DB8F-47B2-8D8B-242FEC79E389}.Debug|Any CPU.Build.0 = Debug|Any CPU
		{8767EDB5-DB8F-47B2-8D8B-242FEC79E389}.Release|Any CPU.ActiveCfg = Release|Any CPU
		{8767EDB5-DB8F-47B2-8D8B-242FEC79E389}.Release|Any CPU.Build.0 = Release|Any CPU
	EndGlobalSection
EndGlobal
